
Microsoft Visual Studio Solution File, Format Version 12.00
# Visual Studio Version 16
VisualStudioVersion = 16.0.28729.10
MinimumVisualStudioVersion = 10.0.40219.1
Project("{9A19103F-16F7-4668-BE54-9A1E7A4F7556}") = "PolicyApi", "PolicyApi\PolicyApi.csproj", "{D527CF5B-9F0F-40AF-8D1A-237E10D8AE3A}"
EndProject
Global
	GlobalSection(SolutionConfigurationPlatforms) = preSolution
		Debug|Any CPU = Debug|Any CPU
		Release|Any CPU = Release|Any CPU
	EndGlobalSection
	GlobalSection(ProjectConfigurationPlatforms) = postSolution
		{D527CF5B-9F0F-40AF-8D1A-237E10D8AE3A}.Debug|Any CPU.ActiveCfg = Debug|Any CPU
		{D527CF5B-9F0F-40AF-8D1A-237E10D8AE3A}.Debug|Any CPU.Build.0 = Debug|Any CPU
		{D527CF5B-9F0F-40AF-8D1A-237E10D8AE3A}.Release|Any CPU.ActiveCfg = Release|Any CPU
		{D527CF5B-9F0F-40AF-8D1A-237E10D8AE3A}.Release|Any CPU.Build.0 = Release|Any CPU
	EndGlobalSection
	GlobalSection(SolutionProperties) = preSolution
		HideSolutionNode = FALSE
	EndGlobalSection
	GlobalSection(ExtensibilityGlobals) = postSolution
		SolutionGuid = {2264A5C5-45C9-4D75-882A-B3FEA56C8872}
	EndGlobalSection
EndGlobal
